
Microsoft Visual Studio Solution File, Format Version 12.00
# Visual Studio Version 17
VisualStudioVersion = 17.4.33103.184
MinimumVisualStudioVersion = 10.0.40219.1
Project("{FAE04EC0-301F-11D3-BF4B-00C04F79EFBC}") = "Employee", "Employee\Employee.csproj", "{222A877F-A65C-4E05-982B-DCDC468EE89E}"
EndProject
Global
	GlobalSection(SolutionConfigurationPlatforms) = preSolution
		Debug|Any CPU = Debug|Any CPU
		Release|Any CPU = Release|Any CPU
	EndGlobalSection
	GlobalSection(ProjectConfigurationPlatforms) = postSolution
		{222A877F-A65C-4E05-982B-DCDC468EE89E}.Debug|Any CPU.ActiveCfg = Debug|Any CPU
		{222A877F-A65C-4E05-982B-DCDC468EE89E}.Debug|Any CPU.Build.0 = Debug|Any CPU
		{222A877F-A65C-4E05-982B-DCDC468EE89E}.Release|Any CPU.ActiveCfg = Release|Any CPU
		{222A877F-A65C-4E05-982B-DCDC468EE89E}.Release|Any CPU.Build.0 = Release|Any CPU
	EndGlobalSection
	GlobalSection(SolutionProperties) = preSolution
		HideSolutionNode = FALSE
	EndGlobalSection
	GlobalSection(ExtensibilityGlobals) = postSolution
		SolutionGuid = {B786E6DB-4852-4B1E-88AB-B4A505FC7B91}
	EndGlobalSection
EndGlobal
